// !$*UTF8*$!
{
	archiveVersion = 1;
	classes = {
	};
	objectVersion = 46;
	objects = {

/* Begin PBXBuildFile section */
		874DA143199E53B500F695F5 /* Foundation.framework in Frameworks */ = {isa = PBXBuildFile; fileRef = 874DA142199E53B500F695F5 /* Foundation.framework */; };
		874DA145199E53B500F695F5 /* CoreGraphics.framework in Frameworks */ = {isa = PBXBuildFile; fileRef = 874DA144199E53B500F695F5 /* CoreGraphics.framework */; };
		874DA147199E53B500F695F5 /* UIKit.framework in Frameworks */ = {isa = PBXBuildFile; fileRef = 874DA146199E53B500F695F5 /* UIKit.framework */; };
		874DA14D199E53B500F695F5 /* InfoPlist.strings in Resources */ = {isa = PBXBuildFile; fileRef = 874DA14B199E53B500F695F5 /* InfoPlist.strings */; };
		874DA14F199E53B500F695F5 /* main.m in Sources */ = {isa = PBXBuildFile; fileRef = 874DA14E199E53B500F695F5 /* main.m */; };
		874DA153199E53B500F695F5 /* AppDelegate.m in Sources */ = {isa = PBXBuildFile; fileRef = 874DA152199E53B500F695F5 /* AppDelegate.m */; };
		874DA156199E53B500F695F5 /* Main_iPhone.storyboard in Resources */ = {isa = PBXBuildFile; fileRef = 874DA154199E53B500F695F5 /* Main_iPhone.storyboard */; };
		874DA159199E53B500F695F5 /* Main_iPad.storyboard in Resources */ = {isa = PBXBuildFile; fileRef = 874DA157199E53B500F695F5 /* Main_iPad.storyboard */; };
		874DA15C199E53B500F695F5 /* ViewController.m in Sources */ = {isa = PBXBuildFile; fileRef = 874DA15B199E53B500F695F5 /* ViewController.m */; };
		874DA15E199E53B500F695F5 /* Images.xcassets in Resources */ = {isa = PBXBuildFile; fileRef = 874DA15D199E53B500F695F5 /* Images.xcassets */; };
		874DA165199E53B500F695F5 /* XCTest.framework in Frameworks */ = {isa = PBXBuildFile; fileRef = 874DA164199E53B500F695F5 /* XCTest.framework */; };
		874DA166199E53B500F695F5 /* Foundation.framework in Frameworks */ = {isa = PBXBuildFile; fileRef = 874DA142199E53B500F695F5 /* Foundation.framework */; };
		874DA167199E53B500F695F5 /* UIKit.framework in Frameworks */ = {isa = PBXBuildFile; fileRef = 874DA146199E53B500F695F5 /* UIKit.framework */; };
		874DA16F199E53B500F695F5 /* InfoPlist.strings in Resources */ = {isa = PBXBuildFile; fileRef = 874DA16D199E53B500F695F5 /* InfoPlist.strings */; };
		874DA171199E53B500F695F5 /* EjercicioUnoTests.m in Sources */ = {isa = PBXBuildFile; fileRef = 874DA170199E53B500F695F5 /* EjercicioUnoTests.m */; };
/* End PBXBuildFile section */

/* Begin PBXContainerItemProxy section */
		874DA168199E53B500F695F5 /* PBXContainerItemProxy */ = {
			isa = PBXContainerItemProxy;
			containerPortal = 874DA137199E53B500F695F5 /* Project object */;
			proxyType = 1;
			remoteGlobalIDString = 874DA13E199E53B500F695F5;
			remoteInfo = EjercicioUno;
		};
/* End PBXContainerItemProxy section */

/* Begin PBXFileReference section */
		874DA13F199E53B500F695F5 /* EjercicioUno.app */ = {isa = PBXFileReference; explicitFileType = wrapper.application; includeInIndex = 0; path = EjercicioUno.app; sourceTree = BUILT_PRODUCTS_DIR; };
		874DA142199E53B500F695F5 /* Foundation.framework */ = {isa = PBXFileReference; lastKnownFileType = wrapper.framework; name = Foundation.framework; path = System/Library/Frameworks/Foundation.framework; sourceTree = SDKROOT; };
		874DA144199E53B500F695F5 /* CoreGraphics.framework */ = {isa = PBXFileReference; lastKnownFileType = wrapper.framework; name = CoreGraphics.framework; path = System/Library/Frameworks/CoreGraphics.framework; sourceTree = SDKROOT; };
		874DA146199E53B500F695F5 /* UIKit.framework */ = {isa = PBXFileReference; lastKnownFileType = wrapper.framework; name = UIKit.framework; path = System/Library/Frameworks/UIKit.framework; sourceTree = SDKROOT; };
		874DA14A199E53B500F695F5 /* EjercicioUno-Info.plist */ = {isa = PBXFileReference; lastKnownFileType = text.plist.xml; path = "EjercicioUno-Info.plist"; sourceTree = "<group>"; };
		874DA14C199E53B500F695F5 /* en */ = {isa = PBXFileReference; lastKnownFileType = text.plist.strings; name = en; path = en.lproj/InfoPlist.strings; sourceTree = "<group>"; };
		874DA14E199E53B500F695F5 /* main.m */ = {isa = PBXFileReference; lastKnownFileType = sourcecode.c.objc; path = main.m; sourceTree = "<group>"; };
		874DA150199E53B500F695F5 /* EjercicioUno-Prefix.pch */ = {isa = PBXFileReference; lastKnownFileType = sourcecode.c.h; path = "EjercicioUno-Prefix.pch"; sourceTree = "<group>"; };
		874DA151199E53B500F695F5 /* AppDelegate.h */ = {isa = PBXFileReference; lastKnownFileType = sourcecode.c.h; path = AppDelegate.h; sourceTree = "<group>"; };
		874DA152199E53B500F695F5 /* AppDelegate.m */ = {isa = PBXFileReference; lastKnownFileType = sourcecode.c.objc; path = AppDelegate.m; sourceTree = "<group>"; };
		874DA155199E53B500F695F5 /* Base */ = {isa = PBXFileReference; lastKnownFileType = file.storyboard; name = Base; path = Base.lproj/Main_iPhone.storyboard; sourceTree = "<group>"; };
		874DA158199E53B500F695F5 /* Base */ = {isa = PBXFileReference; lastKnownFileType = file.storyboard; name = Base; path = Base.lproj/Main_iPad.storyboard; sourceTree = "<group>"; };
		874DA15A199E53B500F695F5 /* ViewController.h */ = {isa = PBXFileReference; lastKnownFileType = sourcecode.c.h; path = ViewController.h; sourceTree = "<group>"; };
		874DA15B199E53B500F695F5 /* ViewController.m */ = {isa = PBXFileReference; lastKnownFileType = sourcecode.c.objc; path = ViewController.m; sourceTree = "<group>"; };
		874DA15D199E53B500F695F5 /* Images.xcassets */ = {isa = PBXFileReference; lastKnownFileType = folder.assetcatalog; path = Images.xcassets; sourceTree = "<group>"; };
		874DA163199E53B500F695F5 /* EjercicioUnoTests.xctest */ = {isa = PBXFileReference; explicitFileType = wrapper.cfbundle; includeInIndex = 0; path = EjercicioUnoTests.xctest; sourceTree = BUILT_PRODUCTS_DIR; };
		874DA164199E53B500F695F5 /* XCTest.framework */ = {isa = PBXFileReference; lastKnownFileType = wrapper.framework; name = XCTest.framework; path = Library/Frameworks/XCTest.framework; sourceTree = DEVELOPER_DIR; };
		874DA16C199E53B500F695F5 /* EjercicioUnoTests-Info.plist */ = {isa = PBXFileReference; lastKnownFileType = text.plist.xml; path = "EjercicioUnoTests-Info.plist"; sourceTree = "<group>"; };
		874DA16E199E53B500F695F5 /* en */ = {isa = PBXFileReference; lastKnownFileType = text.plist.strings; name = en; path = en.lproj/InfoPlist.strings; sourceTree = "<group>"; };
		874DA170199E53B500F695F5 /* EjercicioUnoTests.m */ = {isa = PBXFileReference; lastKnownFileType = sourcecode.c.objc; path = EjercicioUnoTests.m; sourceTree = "<group>"; };
/* End PBXFileReference section */

/* Begin PBXFrameworksBuildPhase section */
		874DA13C199E53B500F695F5 /* Frameworks */ = {
			isa = PBXFrameworksBuildPhase;
			buildActionMask = 2147483647;
			files = (
				874DA145199E53B500F695F5 /* CoreGraphics.framework in Frameworks */,
				874DA147199E53B500F695F5 /* UIKit.framework in Frameworks */,
				874DA143199E53B500F695F5 /* Foundation.framework in Frameworks */,
			);
			runOnlyForDeploymentPostprocessing = 0;
		};
		874DA160199E53B500F695F5 /* Frameworks */ = {
			isa = PBXFrameworksBuildPhase;
			buildActionMask = 2147483647;
			files = (
				874DA165199E53B500F695F5 /* XCTest.framework in Frameworks */,
				874DA167199E53B500F695F5 /* UIKit.framework in Frameworks */,
				874DA166199E53B500F695F5 /* Foundation.framework in Frameworks */,
			);
			runOnlyForDeploymentPostprocessing = 0;
		};
/* End PBXFrameworksBuildPhase section */

/* Begin PBXGroup section */
		874DA136199E53B500F695F5 = {
			isa = PBXGroup;
			children = (
				874DA148199E53B500F695F5 /* EjercicioUno */,
				874DA16A199E53B500F695F5 /* EjercicioUnoTests */,
				874DA141199E53B500F695F5 /* Frameworks */,
				874DA140199E53B500F695F5 /* Products */,
			);
			sourceTree = "<group>";
		};
		874DA140199E53B500F695F5 /* Products */ = {
			isa = PBXGroup;
			children = (
				874DA13F199E53B500F695F5 /* EjercicioUno.app */,
				874DA163199E53B500F695F5 /* EjercicioUnoTests.xctest */,
			);
			name = Products;
			sourceTree = "<group>";
		};
		874DA141199E53B500F695F5 /* Frameworks */ = {
			isa = PBXGroup;
			children = (
				874DA142199E53B500F695F5 /* Foundation.framework */,
				874DA144199E53B500F695F5 /* CoreGraphics.framework */,
				874DA146199E53B500F695F5 /* UIKit.framework */,
				874DA164199E53B500F695F5 /* XCTest.framework */,
			);
			name = Frameworks;
			sourceTree = "<group>";
		};
		874DA148199E53B500F695F5 /* EjercicioUno */ = {
			isa = PBXGroup;
			children = (
				874DA151199E53B500F695F5 /* AppDelegate.h */,
				874DA152199E53B500F695F5 /* AppDelegate.m */,
				874DA154199E53B500F695F5 /* Main_iPhone.storyboard */,
				874DA157199E53B500F695F5 /* Main_iPad.storyboard */,
				874DA15A199E53B500F695F5 /* ViewController.h */,
				874DA15B199E53B500F695F5 /* ViewController.m */,
				874DA15D199E53B500F695F5 /* Images.xcassets */,
				874DA149199E53B500F695F5 /* Supporting Files */,
			);
			path = EjercicioUno;
			sourceTree = "<group>";
		};
		874DA149199E53B500F695F5 /* Supporting Files */ = {
			isa = PBXGroup;
			children = (
				874DA14A199E53B500F695F5 /* EjercicioUno-Info.plist */,
				874DA14B199E53B500F695F5 /* InfoPlist.strings */,
				874DA14E199E53B500F695F5 /* main.m */,
				874DA150199E53B500F695F5 /* EjercicioUno-Prefix.pch */,
			);
			name = "Supporting Files";
			sourceTree = "<group>";
		};
		874DA16A199E53B500F695F5 /* EjercicioUnoTests */ = {
			isa = PBXGroup;
			children = (
				874DA170199E53B500F695F5 /* EjercicioUnoTests.m */,
				874DA16B199E53B500F695F5 /* Supporting Files */,
			);
			path = EjercicioUnoTests;
			sourceTree = "<group>";
		};
		874DA16B199E53B500F695F5 /* Supporting Files */ = {
			isa = PBXGroup;
			children = (
				874DA16C199E53B500F695F5 /* EjercicioUnoTests-Info.plist */,
				874DA16D199E53B500F695F5 /* InfoPlist.strings */,
			);
			name = "Supporting Files";
			sourceTree = "<group>";
		};
/* End PBXGroup section */

/* Begin PBXNativeTarget section */
		874DA13E199E53B500F695F5 /* EjercicioUno */ = {
			isa = PBXNativeTarget;
			buildConfigurationList = 874DA174199E53B500F695F5 /* Build configuration list for PBXNativeTarget "EjercicioUno" */;
			buildPhases = (
				874DA13B199E53B500F695F5 /* Sources */,
				874DA13C199E53B500F695F5 /* Frameworks */,
				874DA13D199E53B500F695F5 /* Resources */,
			);
			buildRules = (
			);
			dependencies = (
			);
			name = EjercicioUno;
			productName = EjercicioUno;
			productReference = 874DA13F199E53B500F695F5 /* EjercicioUno.app */;
			productType = "com.apple.product-type.application";
		};
		874DA162199E53B500F695F5 /* EjercicioUnoTests */ = {
			isa = PBXNativeTarget;
			buildConfigurationList = 874DA177199E53B500F695F5 /* Build configuration list for PBXNativeTarget "EjercicioUnoTests" */;
			buildPhases = (
				874DA15F199E53B500F695F5 /* Sources */,
				874DA160199E53B500F695F5 /* Frameworks */,
				874DA161199E53B500F695F5 /* Resources */,
			);
			buildRules = (
			);
			dependencies = (
				874DA169199E53B500F695F5 /* PBXTargetDependency */,
			);
			name = EjercicioUnoTests;
			productName = EjercicioUnoTests;
			productReference = 874DA163199E53B500F695F5 /* EjercicioUnoTests.xctest */;
			productType = "com.apple.product-type.bundle.unit-test";
		};
/* End PBXNativeTarget section */

/* Begin PBXProject section */
		874DA137199E53B500F695F5 /* Project object */ = {
			isa = PBXProject;
			attributes = {
				LastUpgradeCheck = 0510;
				ORGANIZATIONNAME = "___FULLUSERNAME___";
				TargetAttributes = {
					874DA162199E53B500F695F5 = {
						TestTargetID = 874DA13E199E53B500F695F5;
					};
				};
			};
			buildConfigurationList = 874DA13A199E53B500F695F5 /* Build configuration list for PBXProject "EjercicioUno" */;
			compatibilityVersion = "Xcode 3.2";
			developmentRegion = English;
			hasScannedForEncodings = 0;
			knownRegions = (
				en,
				Base,
			);
			mainGroup = 874DA136199E53B500F695F5;
			productRefGroup = 874DA140199E53B500F695F5 /* Products */;
			projectDirPath = "";
			projectRoot = "";
			targets = (
				874DA13E199E53B500F695F5 /* EjercicioUno */,
				874DA162199E53B500F695F5 /* EjercicioUnoTests */,
			);
		};
/* End PBXProject section */

/* Begin PBXResourcesBuildPhase section */
		874DA13D199E53B500F695F5 /* Resources */ = {
			isa = PBXResourcesBuildPhase;
			buildActionMask = 2147483647;
			files = (
				874DA159199E53B500F695F5 /* Main_iPad.storyboard in Resources */,
				874DA15E199E53B500F695F5 /* Images.xcassets in Resources */,
				874DA156199E53B500F695F5 /* Main_iPhone.storyboard in Resources */,
				874DA14D199E53B500F695F5 /* InfoPlist.strings in Resources */,
			);
			runOnlyForDeploymentPostprocessing = 0;
		};
		874DA161199E53B500F695F5 /* Resources */ = {
			isa = PBXResourcesBuildPhase;
			buildActionMask = 2147483647;
			files = (
				874DA16F199E53B500F695F5 /* InfoPlist.strings in Resources */,
			);
			runOnlyForDeploymentPostprocessing = 0;
		};
/* End PBXResourcesBuildPhase section */

/* Begin PBXSourcesBuildPhase section */
		874DA13B199E53B500F695F5 /* Sources */ = {
			isa = PBXSourcesBuildPhase;
			buildActionMask = 2147483647;
			files = (
				874DA15C199E53B500F695F5 /* ViewController.m in Sources */,
				874DA153199E53B500F695F5 /* AppDelegate.m in Sources */,
				874DA14F199E53B500F695F5 /* main.m in Sources */,
			);
			runOnlyForDeploymentPostprocessing = 0;
		};
		874DA15F199E53B500F695F5 /* Sources */ = {
			isa = PBXSourcesBuildPhase;
			buildActionMask = 2147483647;
			files = (
				874DA171199E53B500F695F5 /* EjercicioUnoTests.m in Sources */,
			);
			runOnlyForDeploymentPostprocessing = 0;
		};
/* End PBXSourcesBuildPhase section */

/* Begin PBXTargetDependency section */
		874DA169199E53B500F695F5 /* PBXTargetDependency */ = {
			isa = PBXTargetDependency;
			target = 874DA13E199E53B500F695F5 /* EjercicioUno */;
			targetProxy = 874DA168199E53B500F695F5 /* PBXContainerItemProxy */;
		};
/* End PBXTargetDependency section */

/* Begin PBXVariantGroup section */
		874DA14B199E53B500F695F5 /* InfoPlist.strings */ = {
			isa = PBXVariantGroup;
			children = (
				874DA14C199E53B500F695F5 /* en */,
			);
			name = InfoPlist.strings;
			sourceTree = "<group>";
		};
		874DA154199E53B500F695F5 /* Main_iPhone.storyboard */ = {
			isa = PBXVariantGroup;
			children = (
				874DA155199E53B500F695F5 /* Base */,
			);
			name = Main_iPhone.storyboard;
			sourceTree = "<group>";
		};
		874DA157199E53B500F695F5 /* Main_iPad.storyboard */ = {
			isa = PBXVariantGroup;
			children = (
				874DA158199E53B500F695F5 /* Base */,
			);
			name = Main_iPad.storyboard;
			sourceTree = "<group>";
		};
		874DA16D199E53B500F695F5 /* InfoPlist.strings */ = {
			isa = PBXVariantGroup;
			children = (
				874DA16E199E53B500F695F5 /* en */,
			);
			name = InfoPlist.strings;
			sourceTree = "<group>";
		};
/* End PBXVariantGroup section */

/* Begin XCBuildConfiguration section */
		874DA172199E53B500F695F5 /* Debug */ = {
			isa = XCBuildConfiguration;
			buildSettings = {
				ALWAYS_SEARCH_USER_PATHS = NO;
				CLANG_CXX_LANGUAGE_STANDARD = "gnu++0x";
				CLANG_CXX_LIBRARY = "libc++";
				CLANG_ENABLE_MODULES = YES;
				CLANG_ENABLE_OBJC_ARC = YES;
				CLANG_WARN_BOOL_CONVERSION = YES;
				CLANG_WARN_CONSTANT_CONVERSION = YES;
				CLANG_WARN_DIRECT_OBJC_ISA_USAGE = YES_ERROR;
				CLANG_WARN_EMPTY_BODY = YES;
				CLANG_WARN_ENUM_CONVERSION = YES;
				CLANG_WARN_INT_CONVERSION = YES;
				CLANG_WARN_OBJC_ROOT_CLASS = YES_ERROR;
				CLANG_WARN__DUPLICATE_METHOD_MATCH = YES;
				"CODE_SIGN_IDENTITY[sdk=iphoneos*]" = "iPhone Developer";
				COPY_PHASE_STRIP = NO;
				GCC_C_LANGUAGE_STANDARD = gnu99;
				GCC_DYNAMIC_NO_PIC = NO;
				GCC_OPTIMIZATION_LEVEL = 0;
				GCC_PREPROCESSOR_DEFINITIONS = (
					"DEBUG=1",
					"$(inherited)",
				);
				GCC_SYMBOLS_PRIVATE_EXTERN = NO;
				GCC_WARN_64_TO_32_BIT_CONVERSION = YES;
				GCC_WARN_ABOUT_RETURN_TYPE = YES_ERROR;
				GCC_WARN_UNDECLARED_SELECTOR = YES;
				GCC_WARN_UNINITIALIZED_AUTOS = YES_AGGRESSIVE;
				GCC_WARN_UNUSED_FUNCTION = YES;
				GCC_WARN_UNUSED_VARIABLE = YES;
				IPHONEOS_DEPLOYMENT_TARGET = 7.1;
				ONLY_ACTIVE_ARCH = YES;
				SDKROOT = iphoneos;
				TARGETED_DEVICE_FAMILY = "1,2";
			};
			name = Debug;
		};
		874DA173199E53B500F695F5 /* Release */ = {
			isa = XCBuildConfiguration;
			buildSettings = {
				ALWAYS_SEARCH_USER_PATHS = NO;
				CLANG_CXX_LANGUAGE_STANDARD = "gnu++0x";
				CLANG_CXX_LIBRARY = "libc++";
				CLANG_ENABLE_MODULES = YES;
				CLANG_ENABLE_OBJC_ARC = YES;
				CLANG_WARN_BOOL_CONVERSION = YES;
				CLANG_WARN_CONSTANT_CONVERSION = YES;
				CLANG_WARN_DIRECT_OBJC_ISA_USAGE = YES_ERROR;
				CLANG_WARN_EMPTY_BODY = YES;
				CLANG_WARN_ENUM_CONVERSION = YES;
				CLANG_WARN_INT_CONVERSION = YES;
				CLANG_WARN_OBJC_ROOT_CLASS = YES_ERROR;
				CLANG_WARN__DUPLICATE_METHOD_MATCH = YES;
				"CODE_SIGN_IDENTITY[sdk=iphoneos*]" = "iPhone Developer";
				COPY_PHASE_STRIP = YES;
				ENABLE_NS_ASSERTIONS = NO;
				GCC_C_LANGUAGE_STANDARD = gnu99;
				GCC_WARN_64_TO_32_BIT_CONVERSION = YES;
				GCC_WARN_ABOUT_RETURN_TYPE = YES_ERROR;
				GCC_WARN_UNDECLARED_SELECTOR = YES;
				GCC_WARN_UNINITIALIZED_AUTOS = YES_AGGRESSIVE;
				GCC_WARN_UNUSED_FUNCTION = YES;
				GCC_WARN_UNUSED_VARIABLE = YES;
				IPHONEOS_DEPLOYMENT_TARGET = 7.1;
				SDKROOT = iphoneos;
				TARGETED_DEVICE_FAMILY = "1,2";
				VALIDATE_PRODUCT = YES;
			};
			name = Release;
		};
		874DA175199E53B500F695F5 /* Debug */ = {
			isa = XCBuildConfiguration;
			buildSettings = {
				ASSETCATALOG_COMPILER_APPICON_NAME = AppIcon;
				ASSETCATALOG_COMPILER_LAUNCHIMAGE_NAME = LaunchImage;
				GCC_PRECOMPILE_PREFIX_HEADER = YES;
				GCC_PREFIX_HEADER = "EjercicioUno/EjercicioUno-Prefix.pch";
				INFOPLIST_FILE = "EjercicioUno/EjercicioUno-Info.plist";
				PRODUCT_NAME = "$(TARGET_NAME)";
				WRAPPER_EXTENSION = app;
			};
			name = Debug;
		};
		874DA176199E53B500F695F5 /* Release */ = {
			isa = XCBuildConfiguration;
			buildSettings = {
				ASSETCATALOG_COMPILER_APPICON_NAME = AppIcon;
				ASSETCATALOG_COMPILER_LAUNCHIMAGE_NAME = LaunchImage;
				GCC_PRECOMPILE_PREFIX_HEADER = YES;
				GCC_PREFIX_HEADER = "EjercicioUno/EjercicioUno-Prefix.pch";
				INFOPLIST_FILE = "EjercicioUno/EjercicioUno-Info.plist";
				PRODUCT_NAME = "$(TARGET_NAME)";
				WRAPPER_EXTENSION = app;
			};
			name = Release;
		};
		874DA178199E53B500F695F5 /* Debug */ = {
			isa = XCBuildConfiguration;
			buildSettings = {
				BUNDLE_LOADER = "$(BUILT_PRODUCTS_DIR)/EjercicioUno.app/EjercicioUno";
				FRAMEWORK_SEARCH_PATHS = (
					"$(SDKROOT)/Developer/Library/Frameworks",
					"$(inherited)",
					"$(DEVELOPER_FRAMEWORKS_DIR)",
				);
				GCC_PRECOMPILE_PREFIX_HEADER = YES;
				GCC_PREFIX_HEADER = "EjercicioUno/EjercicioUno-Prefix.pch";
				GCC_PREPROCESSOR_DEFINITIONS = (
					"DEBUG=1",
					"$(inherited)",
				);
				INFOPLIST_FILE = "EjercicioUnoTests/EjercicioUnoTests-Info.plist";
				PRODUCT_NAME = "$(TARGET_NAME)";
				TEST_HOST = "$(BUNDLE_LOADER)";
				WRAPPER_EXTENSION = xctest;
			};
			name = Debug;
		};
		874DA179199E53B500F695F5 /* Release */ = {
			isa = XCBuildConfiguration;
			buildSettings = {
				BUNDLE_LOADER = "$(BUILT_PRODUCTS_DIR)/EjercicioUno.app/EjercicioUno";
				FRAMEWORK_SEARCH_PATHS = (
					"$(SDKROOT)/Developer/Library/Frameworks",
					"$(inherited)",
					"$(DEVELOPER_FRAMEWORKS_DIR)",
				);
				GCC_PRECOMPILE_PREFIX_HEADER = YES;
				GCC_PREFIX_HEADER = "EjercicioUno/EjercicioUno-Prefix.pch";
				INFOPLIST_FILE = "EjercicioUnoTests/EjercicioUnoTests-Info.plist";
				PRODUCT_NAME = "$(TARGET_NAME)";
				TEST_HOST = "$(BUNDLE_LOADER)";
				WRAPPER_EXTENSION = xctest;
			};
			name = Release;
		};
/* End XCBuildConfiguration section */

/* Begin XCConfigurationList section */
		874DA13A199E53B500F695F5 /* Build configuration list for PBXProject "EjercicioUno" */ = {
			isa = XCConfigurationList;
			buildConfigurations = (
				874DA172199E53B500F695F5 /* Debug */,
				874DA173199E53B500F695F5 /* Release */,
			);
			defaultConfigurationIsVisible = 0;
			defaultConfigurationName = Release;
		};
		874DA174199E53B500F695F5 /* Build configuration list for PBXNativeTarget "EjercicioUno" */ = {
			isa = XCConfigurationList;
			buildConfigurations = (
				874DA175199E53B500F695F5 /* Debug */,
				874DA176199E53B500F695F5 /* Release */,
			);
			defaultConfigurationIsVisible = 0;
		};
		874DA177199E53B500F695F5 /* Build configuration list for PBXNativeTarget "EjercicioUnoTests" */ = {
			isa = XCConfigurationList;
			buildConfigurations = (
				874DA178199E53B500F695F5 /* Debug */,
				874DA179199E53B500F695F5 /* Release */,
			);
			defaultConfigurationIsVisible = 0;
		};
/* End XCConfigurationList section */
	};
	rootObject = 874DA137199E53B500F695F5 /* Project object */;
}
